
Microsoft Visual Studio Solution File, Format Version 12.00
# Visual Studio Version 16
VisualStudioVersion = 16.0.30330.147
MinimumVisualStudioVersion = 10.0.40219.1
Project("{FAE04EC0-301F-11D3-BF4B-00C04F79EFBC}") = "Spaceship Warrior", "Spaceship Warrior\Spaceship Warrior.csproj", "{FD4B777B-F1BB-4E54-80F4-63740B6D4542}"
EndProject
Global
	GlobalSection(SolutionConfigurationPlatforms) = preSolution
		Debug|Any CPU = Debug|Any CPU
		Release|Any CPU = Release|Any CPU
	EndGlobalSection
	GlobalSection(ProjectConfigurationPlatforms) = postSolution
		{FD4B777B-F1BB-4E54-80F4-63740B6D4542}.Debug|Any CPU.ActiveCfg = Debug|Any CPU
		{FD4B777B-F1BB-4E54-80F4-63740B6D4542}.Debug|Any CPU.Build.0 = Debug|Any CPU
		{FD4B777B-F1BB-4E54-80F4-63740B6D4542}.Release|Any CPU.ActiveCfg = Release|Any CPU
		{FD4B777B-F1BB-4E54-80F4-63740B6D4542}.Release|Any CPU.Build.0 = Release|Any CPU
	EndGlobalSection
	GlobalSection(SolutionProperties) = preSolution
		HideSolutionNode = FALSE
	EndGlobalSection
	GlobalSection(ExtensibilityGlobals) = postSolution
		SolutionGuid = {CC91DFF4-ABEE-4F1B-9DAB-F37F0FCBA153}
	EndGlobalSection
EndGlobal
